
Microsoft Visual Studio Solution File, Format Version 12.00
# Visual Studio Version 17
VisualStudioVersion = 17.5.33627.172
MinimumVisualStudioVersion = 10.0.40219.1
Project("{2150E333-8FDC-42A3-9474-1A3956D46DE8}") = "Solution Items", "Solution Items", "{BEDA3054-0F91-4506-AE00-10F20D7320C6}"
	ProjectSection(SolutionItems) = preProject
		.editorconfig = .editorconfig
	EndProjectSection
EndProject
Project("{9A19103F-16F7-4668-BE54-9A1E7A4F7556}") = "Launcher", "Launcher\Launcher.csproj", "{4F1BE747-D911-42B6-A540-4A96E023A865}"
	ProjectSection(ProjectDependencies) = postProject
		{0A9E8E81-0A9C-458E-AC9A-94B6840C66EC} = {0A9E8E81-0A9C-458E-AC9A-94B6840C66EC}
		{0AD285EE-E555-4845-81E2-CF32EA9A8F10} = {0AD285EE-E555-4845-81E2-CF32EA9A8F10}
		{1577D845-5265-4B44-81CB-73306495FF05} = {1577D845-5265-4B44-81CB-73306495FF05}
		{3DCB646B-398E-4D75-8794-D1083991933A} = {3DCB646B-398E-4D75-8794-D1083991933A}
		{5D3D0AFF-BA5F-46F6-8DDA-EEF9D37FECE0} = {5D3D0AFF-BA5F-46F6-8DDA-EEF9D37FECE0}
		{68854727-58C9-4966-AFE2-7FB55D64AD48} = {68854727-58C9-4966-AFE2-7FB55D64AD48}
		{84E12335-C776-41B4-A73A-93359644C470} = {84E12335-C776-41B4-A73A-93359644C470}
		{8C762F4A-7BA5-4B50-A5D7-9FF12C5B5F24} = {8C762F4A-7BA5-4B50-A5D7-9FF12C5B5F24}
		{B4EF673A-EA05-4008-A274-C498193616F1} = {B4EF673A-EA05-4008-A274-C498193616F1}
		{BA53D593-C36E-47FB-B29C-1183FB42D6F2} = {BA53D593-C36E-47FB-B29C-1183FB42D6F2}
		{CC710A0A-5601-474C-B51E-85D3C5FA9359} = {CC710A0A-5601-474C-B51E-85D3C5FA9359}
		{CF8C0867-86CB-4209-9332-D524999CE66C} = {CF8C0867-86CB-4209-9332-D524999CE66C}
		{F8A8DD28-974D-46AC-91A8-324E2BD1FAE6} = {F8A8DD28-974D-46AC-91A8-324E2BD1FAE6}
		{F92299C1-4DEB-43C8-BDA5-7A2120F68465} = {F92299C1-4DEB-43C8-BDA5-7A2120F68465}
	EndProjectSection
EndProject
Project("{9A19103F-16F7-4668-BE54-9A1E7A4F7556}") = "Source", "Source\Source.csproj", "{F8A8DD28-974D-46AC-91A8-324E2BD1FAE6}"
EndProject
Project("{9A19103F-16F7-4668-BE54-9A1E7A4F7556}") = "War3Net.Build", "..\War3NetEX\src\War3Net.Build\War3Net.Build.csproj", "{8C762F4A-7BA5-4B50-A5D7-9FF12C5B5F24}"
	ProjectSection(ProjectDependencies) = postProject
		{0A9E8E81-0A9C-458E-AC9A-94B6840C66EC} = {0A9E8E81-0A9C-458E-AC9A-94B6840C66EC}
		{68854727-58C9-4966-AFE2-7FB55D64AD48} = {68854727-58C9-4966-AFE2-7FB55D64AD48}
		{CC710A0A-5601-474C-B51E-85D3C5FA9359} = {CC710A0A-5601-474C-B51E-85D3C5FA9359}
		{F92299C1-4DEB-43C8-BDA5-7A2120F68465} = {F92299C1-4DEB-43C8-BDA5-7A2120F68465}
	EndProjectSection
EndProject
Project("{9A19103F-16F7-4668-BE54-9A1E7A4F7556}") = "War3Net.Build.Core", "..\War3NetEX\src\War3Net.Build.Core\War3Net.Build.Core.csproj", "{84E12335-C776-41B4-A73A-93359644C470}"
	ProjectSection(ProjectDependencies) = postProject
		{68854727-58C9-4966-AFE2-7FB55D64AD48} = {68854727-58C9-4966-AFE2-7FB55D64AD48}
	EndProjectSection
EndProject
Project("{9A19103F-16F7-4668-BE54-9A1E7A4F7556}") = "War3Net.IO.Mpq", "..\War3NetEX\src\War3Net.IO.Mpq\War3Net.IO.Mpq.csproj", "{B4EF673A-EA05-4008-A274-C498193616F1}"
EndProject
Project("{9A19103F-16F7-4668-BE54-9A1E7A4F7556}") = "War3Net.IO.Compression", "..\War3NetEX\src\War3Net.IO.Compression\War3Net.IO.Compression.csproj", "{1577D845-5265-4B44-81CB-73306495FF05}"
EndProject
Project("{9A19103F-16F7-4668-BE54-9A1E7A4F7556}") = "War3Net.IO.Slk", "..\War3NetEX\src\War3Net.IO.Slk\War3Net.IO.Slk.csproj", "{BA53D593-C36E-47FB-B29C-1183FB42D6F2}"
EndProject
Project("{9A19103F-16F7-4668-BE54-9A1E7A4F7556}") = "War3Net.CodeAnalysis.Transpilers", "..\War3NetEX\src\War3Net.CodeAnalysis.Transpilers\War3Net.CodeAnalysis.Transpilers.csproj", "{5D3D0AFF-BA5F-46F6-8DDA-EEF9D37FECE0}"
EndProject
Project("{9A19103F-16F7-4668-BE54-9A1E7A4F7556}") = "War3Net.CodeAnalysis", "..\War3NetEX\src\War3Net.CodeAnalysis\War3Net.CodeAnalysis.csproj", "{68854727-58C9-4966-AFE2-7FB55D64AD48}"
EndProject
Project("{9A19103F-16F7-4668-BE54-9A1E7A4F7556}") = "War3Net.CodeAnalysis.Decompilers", "..\War3NetEX\src\War3Net.CodeAnalysis.Decompilers\War3Net.CodeAnalysis.Decompilers.csproj", "{CF8C0867-86CB-4209-9332-D524999CE66C}"
EndProject
Project("{9A19103F-16F7-4668-BE54-9A1E7A4F7556}") = "War3Net.Common", "..\War3NetEX\src\War3Net.Common\War3Net.Common.csproj", "{0AD285EE-E555-4845-81E2-CF32EA9A8F10}"
EndProject
Project("{9A19103F-16F7-4668-BE54-9A1E7A4F7556}") = "War3Net.CodeAnalysis.Jass", "..\War3NetEX\src\War3Net.CodeAnalysis.Jass\War3Net.CodeAnalysis.Jass.csproj", "{0A9E8E81-0A9C-458E-AC9A-94B6840C66EC}"
	ProjectSection(ProjectDependencies) = postProject
		{CC710A0A-5601-474C-B51E-85D3C5FA9359} = {CC710A0A-5601-474C-B51E-85D3C5FA9359}
		{F92299C1-4DEB-43C8-BDA5-7A2120F68465} = {F92299C1-4DEB-43C8-BDA5-7A2120F68465}
	EndProjectSection
EndProject
Project("{9A19103F-16F7-4668-BE54-9A1E7A4F7556}") = "CSharp.lua", "..\CSharp.luaEX\CSharp.lua\CSharp.lua.csproj", "{CC710A0A-5601-474C-B51E-85D3C5FA9359}"
EndProject
Project("{9A19103F-16F7-4668-BE54-9A1E7A4F7556}") = "CSharp.lua.Launcher", "..\CSharp.luaEX\CSharp.lua.Launcher\CSharp.lua.Launcher.csproj", "{3DCB646B-398E-4D75-8794-D1083991933A}"
EndProject
Project("{9A19103F-16F7-4668-BE54-9A1E7A4F7556}") = "CSharp.lua.CoreSystem", "..\CSharp.luaEX\CSharp.lua.CoreSystem\CSharp.lua.CoreSystem.csproj", "{F92299C1-4DEB-43C8-BDA5-7A2120F68465}"
EndProject
Project("{9A19103F-16F7-4668-BE54-9A1E7A4F7556}") = "War3Api.Common", "..\War3ApiEx\src\War3Api.Common\War3Api.Common.csproj", "{B997B63B-C948-4772-91F0-972D627AB111}"
EndProject
Project("{9A19103F-16F7-4668-BE54-9A1E7A4F7556}") = "War3Api.Blizzard", "..\War3ApiEx\src\War3Api.Blizzard\War3Api.Blizzard.csproj", "{E9E1DE20-63FC-4FFF-8CE7-4916A55619F5}"
	ProjectSection(ProjectDependencies) = postProject
		{B997B63B-C948-4772-91F0-972D627AB111} = {B997B63B-C948-4772-91F0-972D627AB111}
	EndProjectSection
EndProject
Global
	GlobalSection(SolutionConfigurationPlatforms) = preSolution
		Debug|Any CPU = Debug|Any CPU
		Debug|x64 = Debug|x64
		Release|Any CPU = Release|Any CPU
		Release|x64 = Release|x64
	EndGlobalSection
	GlobalSection(ProjectConfigurationPlatforms) = postSolution
		{4F1BE747-D911-42B6-A540-4A96E023A865}.Debug|Any CPU.ActiveCfg = Debug|Any CPU
		{4F1BE747-D911-42B6-A540-4A96E023A865}.Debug|Any CPU.Build.0 = Debug|Any CPU
		{4F1BE747-D911-42B6-A540-4A96E023A865}.Debug|x64.ActiveCfg = Debug|Any CPU
		{4F1BE747-D911-42B6-A540-4A96E023A865}.Debug|x64.Build.0 = Debug|Any CPU
		{4F1BE747-D911-42B6-A540-4A96E023A865}.Release|Any CPU.ActiveCfg = Release|Any CPU
		{4F1BE747-D911-42B6-A540-4A96E023A865}.Release|Any CPU.Build.0 = Release|Any CPU
		{4F1BE747-D911-42B6-A540-4A96E023A865}.Release|x64.ActiveCfg = Release|x64
		{4F1BE747-D911-42B6-A540-4A96E023A865}.Release|x64.Build.0 = Release|x64
		{F8A8DD28-974D-46AC-91A8-324E2BD1FAE6}.Debug|Any CPU.ActiveCfg = Debug|Any CPU
		{F8A8DD28-974D-46AC-91A8-324E2BD1FAE6}.Debug|Any CPU.Build.0 = Debug|Any CPU
		{F8A8DD28-974D-46AC-91A8-324E2BD1FAE6}.Debug|x64.ActiveCfg = Debug|Any CPU
		{F8A8DD28-974D-46AC-91A8-324E2BD1FAE6}.Debug|x64.Build.0 = Debug|Any CPU
		{F8A8DD28-974D-46AC-91A8-324E2BD1FAE6}.Release|Any CPU.ActiveCfg = Release|Any CPU
		{F8A8DD28-974D-46AC-91A8-324E2BD1FAE6}.Release|Any CPU.Build.0 = Release|Any CPU
		{F8A8DD28-974D-46AC-91A8-324E2BD1FAE6}.Release|x64.ActiveCfg = Release|x64
		{F8A8DD28-974D-46AC-91A8-324E2BD1FAE6}.Release|x64.Build.0 = Release|x64
		{8C762F4A-7BA5-4B50-A5D7-9FF12C5B5F24}.Debug|Any CPU.ActiveCfg = Debug|Any CPU
		{8C762F4A-7BA5-4B50-A5D7-9FF12C5B5F24}.Debug|Any CPU.Build.0 = Debug|Any CPU
		{8C762F4A-7BA5-4B50-A5D7-9FF12C5B5F24}.Debug|x64.ActiveCfg = Debug|x64
		{8C762F4A-7BA5-4B50-A5D7-9FF12C5B5F24}.Debug|x64.Build.0 = Debug|x64
		{8C762F4A-7BA5-4B50-A5D7-9FF12C5B5F24}.Release|Any CPU.ActiveCfg = Release|Any CPU
		{8C762F4A-7BA5-4B50-A5D7-9FF12C5B5F24}.Release|Any CPU.Build.0 = Release|Any CPU
		{8C762F4A-7BA5-4B50-A5D7-9FF12C5B5F24}.Release|x64.ActiveCfg = Release|x64
		{8C762F4A-7BA5-4B50-A5D7-9FF12C5B5F24}.Release|x64.Build.0 = Release|x64
		{84E12335-C776-41B4-A73A-93359644C470}.Debug|Any CPU.ActiveCfg = Debug|Any CPU
		{84E12335-C776-41B4-A73A-93359644C470}.Debug|Any CPU.Build.0 = Debug|Any CPU
		{84E12335-C776-41B4-A73A-93359644C470}.Debug|x64.ActiveCfg = Debug|Any CPU
		{84E12335-C776-41B4-A73A-93359644C470}.Debug|x64.Build.0 = Debug|Any CPU
		{84E12335-C776-41B4-A73A-93359644C470}.Release|Any CPU.ActiveCfg = Release|Any CPU
		{84E12335-C776-41B4-A73A-93359644C470}.Release|Any CPU.Build.0 = Release|Any CPU
		{84E12335-C776-41B4-A73A-93359644C470}.Release|x64.ActiveCfg = Release|Any CPU
		{84E12335-C776-41B4-A73A-93359644C470}.Release|x64.Build.0 = Release|Any CPU
		{B4EF673A-EA05-4008-A274-C498193616F1}.Debug|Any CPU.ActiveCfg = Debug|Any CPU
		{B4EF673A-EA05-4008-A274-C498193616F1}.Debug|Any CPU.Build.0 = Debug|Any CPU
		{B4EF673A-EA05-4008-A274-C498193616F1}.Debug|x64.ActiveCfg = Debug|Any CPU
		{B4EF673A-EA05-4008-A274-C498193616F1}.Debug|x64.Build.0 = Debug|Any CPU
		{B4EF673A-EA05-4008-A274-C498193616F1}.Release|Any CPU.ActiveCfg = Release|Any CPU
		{B4EF673A-EA05-4008-A274-C498193616F1}.Release|Any CPU.Build.0 = Release|Any CPU
		{B4EF673A-EA05-4008-A274-C498193616F1}.Release|x64.ActiveCfg = Release|Any CPU
		{B4EF673A-EA05-4008-A274-C498193616F1}.Release|x64.Build.0 = Release|Any CPU
		{1577D845-5265-4B44-81CB-73306495FF05}.Debug|Any CPU.ActiveCfg = Debug|Any CPU
		{1577D845-5265-4B44-81CB-73306495FF05}.Debug|Any CPU.Build.0 = Debug|Any CPU
		{1577D845-5265-4B44-81CB-73306495FF05}.Debug|x64.ActiveCfg = Debug|x64
		{1577D845-5265-4B44-81CB-73306495FF05}.Debug|x64.Build.0 = Debug|x64
		{1577D845-5265-4B44-81CB-73306495FF05}.Release|Any CPU.ActiveCfg = Release|Any CPU
		{1577D845-5265-4B44-81CB-73306495FF05}.Release|Any CPU.Build.0 = Release|Any CPU
		{1577D845-5265-4B44-81CB-73306495FF05}.Release|x64.ActiveCfg = Release|x64
		{1577D845-5265-4B44-81CB-73306495FF05}.Release|x64.Build.0 = Release|x64
		{BA53D593-C36E-47FB-B29C-1183FB42D6F2}.Debug|Any CPU.ActiveCfg = Debug|Any CPU
		{BA53D593-C36E-47FB-B29C-1183FB42D6F2}.Debug|Any CPU.Build.0 = Debug|Any CPU
		{BA53D593-C36E-47FB-B29C-1183FB42D6F2}.Debug|x64.ActiveCfg = Debug|Any CPU
		{BA53D593-C36E-47FB-B29C-1183FB42D6F2}.Debug|x64.Build.0 = Debug|Any CPU
		{BA53D593-C36E-47FB-B29C-1183FB42D6F2}.Release|Any CPU.ActiveCfg = Release|Any CPU
		{BA53D593-C36E-47FB-B29C-1183FB42D6F2}.Release|Any CPU.Build.0 = Release|Any CPU
		{BA53D593-C36E-47FB-B29C-1183FB42D6F2}.Release|x64.ActiveCfg = Release|Any CPU
		{BA53D593-C36E-47FB-B29C-1183FB42D6F2}.Release|x64.Build.0 = Release|Any CPU
		{5D3D0AFF-BA5F-46F6-8DDA-EEF9D37FECE0}.Debug|Any CPU.ActiveCfg = Debug|Any CPU
		{5D3D0AFF-BA5F-46F6-8DDA-EEF9D37FECE0}.Debug|Any CPU.Build.0 = Debug|Any CPU
		{5D3D0AFF-BA5F-46F6-8DDA-EEF9D37FECE0}.Debug|x64.ActiveCfg = Debug|Any CPU
		{5D3D0AFF-BA5F-46F6-8DDA-EEF9D37FECE0}.Debug|x64.Build.0 = Debug|Any CPU
		{5D3D0AFF-BA5F-46F6-8DDA-EEF9D37FECE0}.Release|Any CPU.ActiveCfg = Release|Any CPU
		{5D3D0AFF-BA5F-46F6-8DDA-EEF9D37FECE0}.Release|Any CPU.Build.0 = Release|Any CPU
		{5D3D0AFF-BA5F-46F6-8DDA-EEF9D37FECE0}.Release|x64.ActiveCfg = Release|Any CPU
		{5D3D0AFF-BA5F-46F6-8DDA-EEF9D37FECE0}.Release|x64.Build.0 = Release|Any CPU
		{68854727-58C9-4966-AFE2-7FB55D64AD48}.Debug|Any CPU.ActiveCfg = Debug|Any CPU
		{68854727-58C9-4966-AFE2-7FB55D64AD48}.Debug|Any CPU.Build.0 = Debug|Any CPU
		{68854727-58C9-4966-AFE2-7FB55D64AD48}.Debug|x64.ActiveCfg = Debug|Any CPU
		{68854727-58C9-4966-AFE2-7FB55D64AD48}.Debug|x64.Build.0 = Debug|Any CPU
		{68854727-58C9-4966-AFE2-7FB55D64AD48}.Release|Any CPU.ActiveCfg = Release|Any CPU
		{68854727-58C9-4966-AFE2-7FB55D64AD48}.Release|Any CPU.Build.0 = Release|Any CPU
		{68854727-58C9-4966-AFE2-7FB55D64AD48}.Release|x64.ActiveCfg = Release|Any CPU
		{68854727-58C9-4966-AFE2-7FB55D64AD48}.Release|x64.Build.0 = Release|Any CPU
		{CF8C0867-86CB-4209-9332-D524999CE66C}.Debug|Any CPU.ActiveCfg = Debug|Any CPU
		{CF8C0867-86CB-4209-9332-D524999CE66C}.Debug|Any CPU.Build.0 = Debug|Any CPU
		{CF8C0867-86CB-4209-9332-D524999CE66C}.Debug|x64.ActiveCfg = Debug|Any CPU
		{CF8C0867-86CB-4209-9332-D524999CE66C}.Debug|x64.Build.0 = Debug|Any CPU
		{CF8C0867-86CB-4209-9332-D524999CE66C}.Release|Any CPU.ActiveCfg = Release|Any CPU
		{CF8C0867-86CB-4209-9332-D524999CE66C}.Release|Any CPU.Build.0 = Release|Any CPU
		{CF8C0867-86CB-4209-9332-D524999CE66C}.Release|x64.ActiveCfg = Release|Any CPU
		{CF8C0867-86CB-4209-9332-D524999CE66C}.Release|x64.Build.0 = Release|Any CPU
		{0AD285EE-E555-4845-81E2-CF32EA9A8F10}.Debug|Any CPU.ActiveCfg = Debug|Any CPU
		{0AD285EE-E555-4845-81E2-CF32EA9A8F10}.Debug|Any CPU.Build.0 = Debug|Any CPU
		{0AD285EE-E555-4845-81E2-CF32EA9A8F10}.Debug|x64.ActiveCfg = Debug|Any CPU
		{0AD285EE-E555-4845-81E2-CF32EA9A8F10}.Debug|x64.Build.0 = Debug|Any CPU
		{0AD285EE-E555-4845-81E2-CF32EA9A8F10}.Release|Any CPU.ActiveCfg = Release|Any CPU
		{0AD285EE-E555-4845-81E2-CF32EA9A8F10}.Release|Any CPU.Build.0 = Release|Any CPU
		{0AD285EE-E555-4845-81E2-CF32EA9A8F10}.Release|x64.ActiveCfg = Release|Any CPU
		{0AD285EE-E555-4845-81E2-CF32EA9A8F10}.Release|x64.Build.0 = Release|Any CPU
		{0A9E8E81-0A9C-458E-AC9A-94B6840C66EC}.Debug|Any CPU.ActiveCfg = Debug|Any CPU
		{0A9E8E81-0A9C-458E-AC9A-94B6840C66EC}.Debug|Any CPU.Build.0 = Debug|Any CPU
		{0A9E8E81-0A9C-458E-AC9A-94B6840C66EC}.Debug|x64.ActiveCfg = Debug|x64
		{0A9E8E81-0A9C-458E-AC9A-94B6840C66EC}.Debug|x64.Build.0 = Debug|x64
		{0A9E8E81-0A9C-458E-AC9A-94B6840C66EC}.Release|Any CPU.ActiveCfg = Release|Any CPU
		{0A9E8E81-0A9C-458E-AC9A-94B6840C66EC}.Release|Any CPU.Build.0 = Release|Any CPU
		{0A9E8E81-0A9C-458E-AC9A-94B6840C66EC}.Release|x64.ActiveCfg = Release|x64
		{0A9E8E81-0A9C-458E-AC9A-94B6840C66EC}.Release|x64.Build.0 = Release|x64
		{CC710A0A-5601-474C-B51E-85D3C5FA9359}.Debug|Any CPU.ActiveCfg = Debug|Any CPU
		{CC710A0A-5601-474C-B51E-85D3C5FA9359}.Debug|Any CPU.Build.0 = Debug|Any CPU
		{CC710A0A-5601-474C-B51E-85D3C5FA9359}.Debug|x64.ActiveCfg = Debug|Any CPU
		{CC710A0A-5601-474C-B51E-85D3C5FA9359}.Debug|x64.Build.0 = Debug|Any CPU
		{CC710A0A-5601-474C-B51E-85D3C5FA9359}.Release|Any CPU.ActiveCfg = Release|Any CPU
		{CC710A0A-5601-474C-B51E-85D3C5FA9359}.Release|Any CPU.Build.0 = Release|Any CPU
		{CC710A0A-5601-474C-B51E-85D3C5FA9359}.Release|x64.ActiveCfg = Release|x64
		{CC710A0A-5601-474C-B51E-85D3C5FA9359}.Release|x64.Build.0 = Release|x64
		{3DCB646B-398E-4D75-8794-D1083991933A}.Debug|Any CPU.ActiveCfg = Debug|Any CPU
		{3DCB646B-398E-4D75-8794-D1083991933A}.Debug|Any CPU.Build.0 = Debug|Any CPU
		{3DCB646B-398E-4D75-8794-D1083991933A}.Debug|x64.ActiveCfg = Debug|Any CPU
		{3DCB646B-398E-4D75-8794-D1083991933A}.Debug|x64.Build.0 = Debug|Any CPU
		{3DCB646B-398E-4D75-8794-D1083991933A}.Release|Any CPU.ActiveCfg = Release|Any CPU
		{3DCB646B-398E-4D75-8794-D1083991933A}.Release|Any CPU.Build.0 = Release|Any CPU
		{3DCB646B-398E-4D75-8794-D1083991933A}.Release|x64.ActiveCfg = Release|Any CPU
		{3DCB646B-398E-4D75-8794-D1083991933A}.Release|x64.Build.0 = Release|Any CPU
		{F92299C1-4DEB-43C8-BDA5-7A2120F68465}.Debug|Any CPU.ActiveCfg = Debug|Any CPU
		{F92299C1-4DEB-43C8-BDA5-7A2120F68465}.Debug|Any CPU.Build.0 = Debug|Any CPU
		{F92299C1-4DEB-43C8-BDA5-7A2120F68465}.Debug|x64.ActiveCfg = Debug|Any CPU
		{F92299C1-4DEB-43C8-BDA5-7A2120F68465}.Debug|x64.Build.0 = Debug|Any CPU
		{F92299C1-4DEB-43C8-BDA5-7A2120F68465}.Release|Any CPU.ActiveCfg = Release|Any CPU
		{F92299C1-4DEB-43C8-BDA5-7A2120F68465}.Release|Any CPU.Build.0 = Release|Any CPU
		{F92299C1-4DEB-43C8-BDA5-7A2120F68465}.Release|x64.ActiveCfg = Release|x64
		{F92299C1-4DEB-43C8-BDA5-7A2120F68465}.Release|x64.Build.0 = Release|x64
		{B997B63B-C948-4772-91F0-972D627AB111}.Debug|Any CPU.ActiveCfg = Debug|Any CPU
		{B997B63B-C948-4772-91F0-972D627AB111}.Debug|Any CPU.Build.0 = Debug|Any CPU
		{B997B63B-C948-4772-91F0-972D627AB111}.Debug|x64.ActiveCfg = Debug|Any CPU
		{B997B63B-C948-4772-91F0-972D627AB111}.Debug|x64.Build.0 = Debug|Any CPU
		{B997B63B-C948-4772-91F0-972D627AB111}.Release|Any CPU.ActiveCfg = Release|Any CPU
		{B997B63B-C948-4772-91F0-972D627AB111}.Release|Any CPU.Build.0 = Release|Any CPU
		{B997B63B-C948-4772-91F0-972D627AB111}.Release|x64.ActiveCfg = Release|Any CPU
		{B997B63B-C948-4772-91F0-972D627AB111}.Release|x64.Build.0 = Release|Any CPU
		{E9E1DE20-63FC-4FFF-8CE7-4916A55619F5}.Debug|Any CPU.ActiveCfg = Debug|Any CPU
		{E9E1DE20-63FC-4FFF-8CE7-4916A55619F5}.Debug|Any CPU.Build.0 = Debug|Any CPU
		{E9E1DE20-63FC-4FFF-8CE7-4916A55619F5}.Debug|x64.ActiveCfg = Debug|Any CPU
		{E9E1DE20-63FC-4FFF-8CE7-4916A55619F5}.Debug|x64.Build.0 = Debug|Any CPU
		{E9E1DE20-63FC-4FFF-8CE7-4916A55619F5}.Release|Any CPU.ActiveCfg = Release|Any CPU
		{E9E1DE20-63FC-4FFF-8CE7-4916A55619F5}.Release|Any CPU.Build.0 = Release|Any CPU
		{E9E1DE20-63FC-4FFF-8CE7-4916A55619F5}.Release|x64.ActiveCfg = Release|Any CPU
		{E9E1DE20-63FC-4FFF-8CE7-4916A55619F5}.Release|x64.Build.0 = Release|Any CPU
	EndGlobalSection
	GlobalSection(SolutionProperties) = preSolution
		HideSolutionNode = FALSE
	EndGlobalSection
	GlobalSection(ExtensibilityGlobals) = postSolution
		SolutionGuid = {ED5736C9-FCF9-411C-A211-C1C48F61D9AB}
	EndGlobalSection
EndGlobal
